{
  "requires": true,
  "lockfileVersion": 1,
  "dependencies": {
    "good-js": {
      "version": "1.5.4",
      "resolved": "https://registry.npmjs.org/good-js/-/good-js-1.5.4.tgz",
      "integrity": "sha512-mobTUttztvQASnKm+pOOKeDWwzqJytQYEM6b4Xg2/T1H3jhgy4mh/FRuJJzhQuwaH7ZMva5W7x7KgSZ+sg112Q==",
      "requires": {
        "node-fetch": "^2.2.0",
        "xmlhttprequest": "^1.8.0"
      }
    },
    "node-fetch": {
      "version": "2.6.1",
      "resolved": "https://registry.npmjs.org/node-fetch/-/node-fetch-2.6.1.tgz",
      "integrity": "sha512-V4aYg89jEoVRxRb2fJdAg8FHvI7cEyYdVAh94HH0UIK8oJxUfkjlDQN9RbMx+bEjP7+ggMiFRprSti032Oipxw=="
    },
    "xmlhttprequest": {
      "version": "1.8.0",
      "resolved": "https://registry.npmjs.org/xmlhttprequest/-/xmlhttprequest-1.8.0.tgz",
      "integrity": "sha1-Z/4HXFwk/vOfnWX197f+dRcZaPw="
    }
  }
}
